# This file is automatically @generated by Cargo.
# It is not intended for manual editing.
version = 4

[[package]]
name = "check_and_balance"
version = "0.1.0"

[[package]]
name = "circle_shuffle"
version = "0.1.0"

[[package]]
name = "count_lit_lanterns"
version = "0.1.0"

[[package]]
name = "count_rice"
version = "0.1.0"

[[package]]
name = "count_sturdy_sticks"
version = "0.1.0"

[[package]]
name = "count_vowels"
version = "0.1.0"

[[package]]
name = "find_hidden_wisdom"
version = "0.1.0"

[[package]]
name = "is_palindrome"
version = "0.1.0"

[[package]]
name = "leap_year"
version = "0.1.0"

[[package]]
name = "longest_common_prefix"
version = "0.1.0"

[[package]]
name = "lucky_charms_product"
version = "0.1.0"

[[package]]
name = "max_diff"
version = "0.1.0"

[[package]]
name = "min_hall"
version = "0.1.0"

[[package]]
name = "min_hall_index"
version = "0.1.0"

[[package]]
name = "roman_to_int"
version = "0.1.0"

[[package]]
name = "rust-leetcode"
version = "0.1.0"

[[package]]
name = "two_sum"
version = "0.1.0"
